{
  "name": "seat",
  "lockfileVersion": 2,
  "requires": true,
  "packages": {
    "": {
      "dependencies": {
        "sweetalert2": "^10.12.4"
      }
    },
    "node_modules/sweetalert2": {
      "version": "10.12.4",
      "resolved": "https://registry.npmjs.org/sweetalert2/-/sweetalert2-10.12.4.tgz",
      "integrity": "sha512-RkIaYxaUIbgJ0DWqK6WIcXG09Wet7NeZetGIjb8CgWSequN3PCP3TAumfImxvnn2zsZkAM9dsmcnGGKFb3lUOg==",
      "funding": {
        "url": "https://sweetalert2.github.io/#donations"
      }
    }
  },
  "dependencies": {
    "sweetalert2": {
      "version": "10.12.4",
      "resolved": "https://registry.npmjs.org/sweetalert2/-/sweetalert2-10.12.4.tgz",
      "integrity": "sha512-RkIaYxaUIbgJ0DWqK6WIcXG09Wet7NeZetGIjb8CgWSequN3PCP3TAumfImxvnn2zsZkAM9dsmcnGGKFb3lUOg=="
    }
  }
}
